
Microsoft Visual Studio Solution File, Format Version 12.00
# Visual Studio Version 17
VisualStudioVersion = 17.6.33723.286
MinimumVisualStudioVersion = 10.0.40219.1
Project("{9A19103F-16F7-4668-BE54-9A1E7A4F7556}") = "TrackerLibrary", "TrackerLibrary\TrackerLibrary.csproj", "{B03ECB59-3162-4781-9EED-9F2A62FCAA71}"
EndProject
Project("{FAE04EC0-301F-11D3-BF4B-00C04F79EFBC}") = "TrackerUI", "TrackerUI\TrackerUI.csproj", "{3B3768C7-BAFF-4D7E-A776-EBD70FBC1DBD}"
EndProject
Global
	GlobalSection(SolutionConfigurationPlatforms) = preSolution
		Debug|Any CPU = Debug|Any CPU
		Release|Any CPU = Release|Any CPU
	EndGlobalSection
	GlobalSection(ProjectConfigurationPlatforms) = postSolution
		{B03ECB59-3162-4781-9EED-9F2A62FCAA71}.Debug|Any CPU.ActiveCfg = Debug|Any CPU
		{B03ECB59-3162-4781-9EED-9F2A62FCAA71}.Debug|Any CPU.Build.0 = Debug|Any CPU
		{B03ECB59-3162-4781-9EED-9F2A62FCAA71}.Release|Any CPU.ActiveCfg = Release|Any CPU
		{B03ECB59-3162-4781-9EED-9F2A62FCAA71}.Release|Any CPU.Build.0 = Release|Any CPU
		{3B3768C7-BAFF-4D7E-A776-EBD70FBC1DBD}.Debug|Any CPU.ActiveCfg = Debug|Any CPU
		{3B3768C7-BAFF-4D7E-A776-EBD70FBC1DBD}.Debug|Any CPU.Build.0 = Debug|Any CPU
		{3B3768C7-BAFF-4D7E-A776-EBD70FBC1DBD}.Release|Any CPU.ActiveCfg = Release|Any CPU
		{3B3768C7-BAFF-4D7E-A776-EBD70FBC1DBD}.Release|Any CPU.Build.0 = Release|Any CPU
	EndGlobalSection
	GlobalSection(SolutionProperties) = preSolution
		HideSolutionNode = FALSE
	EndGlobalSection
	GlobalSection(ExtensibilityGlobals) = postSolution
		SolutionGuid = {802B8A37-088D-420D-A830-2AE485E75FF9}
	EndGlobalSection
EndGlobal
